
Microsoft Visual Studio Solution File, Format Version 12.00
# Visual Studio Version 17
VisualStudioVersion = 17.0.31903.59
MinimumVisualStudioVersion = 10.0.40219.1
Project("{2150E333-8FDC-42A3-9474-1A3956D46DE8}") = "Src", "Src", "{530CBB8C-5003-499F-85D5-F41EC36BF90C}"
EndProject
Project("{2150E333-8FDC-42A3-9474-1A3956D46DE8}") = "3.Test", "3.Test", "{B8A11B97-21EE-4542-9616-8BEC46F809F0}"
EndProject
Project("{2150E333-8FDC-42A3-9474-1A3956D46DE8}") = "1.Common", "1.Common", "{1D957808-7C14-4E78-8D3D-A5174B8ADC6B}"
EndProject
Project("{2150E333-8FDC-42A3-9474-1A3956D46DE8}") = "2.UI", "2.UI", "{5F35C3F1-ED28-4FF3-B557-51AD14EF4A3E}"
EndProject
Project("{2150E333-8FDC-42A3-9474-1A3956D46DE8}") = "0.Base", "0.Base", "{18E70100-51CC-4EDD-AD6A-B9F86A60AE46}"
EndProject
Project("{9A19103F-16F7-4668-BE54-9A1E7A4F7556}") = "Entities", "Base\Entities\Entities.csproj", "{9C5B3F42-858E-44AE-9D5D-DDA9F1354AAA}"
EndProject
Project("{9A19103F-16F7-4668-BE54-9A1E7A4F7556}") = "DAL", "Base\DAL\DAL.csproj", "{8023FFA5-8D3A-4F5D-98EB-D725606D74FD}"
EndProject
Project("{9A19103F-16F7-4668-BE54-9A1E7A4F7556}") = "Common", "Common\Common\Common.csproj", "{DC28DBA5-A5F3-445B-B45A-366370C8CA43}"
EndProject
Project("{9A19103F-16F7-4668-BE54-9A1E7A4F7556}") = "API", "UI\API\API.csproj", "{1902C4CE-B312-4D09-B4E0-806EE2C8EDD4}"
EndProject
Project("{9A19103F-16F7-4668-BE54-9A1E7A4F7556}") = "Models", "Base\Models\Models.csproj", "{8B7C64D5-DEA4-43C5-9626-711F91EAF12A}"
EndProject
Project("{9A19103F-16F7-4668-BE54-9A1E7A4F7556}") = "Contract", "Contract\Contract.csproj", "{2574CAEA-3CA8-4FE9-959F-850BA15A071D}"
EndProject
Global
	GlobalSection(SolutionConfigurationPlatforms) = preSolution
		Debug|Any CPU = Debug|Any CPU
		Release|Any CPU = Release|Any CPU
	EndGlobalSection
	GlobalSection(ProjectConfigurationPlatforms) = postSolution
		{9C5B3F42-858E-44AE-9D5D-DDA9F1354AAA}.Debug|Any CPU.ActiveCfg = Debug|Any CPU
		{9C5B3F42-858E-44AE-9D5D-DDA9F1354AAA}.Debug|Any CPU.Build.0 = Debug|Any CPU
		{9C5B3F42-858E-44AE-9D5D-DDA9F1354AAA}.Release|Any CPU.ActiveCfg = Release|Any CPU
		{9C5B3F42-858E-44AE-9D5D-DDA9F1354AAA}.Release|Any CPU.Build.0 = Release|Any CPU
		{8023FFA5-8D3A-4F5D-98EB-D725606D74FD}.Debug|Any CPU.ActiveCfg = Debug|Any CPU
		{8023FFA5-8D3A-4F5D-98EB-D725606D74FD}.Debug|Any CPU.Build.0 = Debug|Any CPU
		{8023FFA5-8D3A-4F5D-98EB-D725606D74FD}.Release|Any CPU.ActiveCfg = Release|Any CPU
		{8023FFA5-8D3A-4F5D-98EB-D725606D74FD}.Release|Any CPU.Build.0 = Release|Any CPU
		{DC28DBA5-A5F3-445B-B45A-366370C8CA43}.Debug|Any CPU.ActiveCfg = Debug|Any CPU
		{DC28DBA5-A5F3-445B-B45A-366370C8CA43}.Debug|Any CPU.Build.0 = Debug|Any CPU
		{DC28DBA5-A5F3-445B-B45A-366370C8CA43}.Release|Any CPU.ActiveCfg = Release|Any CPU
		{DC28DBA5-A5F3-445B-B45A-366370C8CA43}.Release|Any CPU.Build.0 = Release|Any CPU
		{1902C4CE-B312-4D09-B4E0-806EE2C8EDD4}.Debug|Any CPU.ActiveCfg = Debug|Any CPU
		{1902C4CE-B312-4D09-B4E0-806EE2C8EDD4}.Debug|Any CPU.Build.0 = Debug|Any CPU
		{1902C4CE-B312-4D09-B4E0-806EE2C8EDD4}.Release|Any CPU.ActiveCfg = Release|Any CPU
		{1902C4CE-B312-4D09-B4E0-806EE2C8EDD4}.Release|Any CPU.Build.0 = Release|Any CPU
		{8B7C64D5-DEA4-43C5-9626-711F91EAF12A}.Debug|Any CPU.ActiveCfg = Debug|Any CPU
		{8B7C64D5-DEA4-43C5-9626-711F91EAF12A}.Debug|Any CPU.Build.0 = Debug|Any CPU
		{8B7C64D5-DEA4-43C5-9626-711F91EAF12A}.Release|Any CPU.ActiveCfg = Release|Any CPU
		{8B7C64D5-DEA4-43C5-9626-711F91EAF12A}.Release|Any CPU.Build.0 = Release|Any CPU
		{2574CAEA-3CA8-4FE9-959F-850BA15A071D}.Debug|Any CPU.ActiveCfg = Debug|Any CPU
		{2574CAEA-3CA8-4FE9-959F-850BA15A071D}.Debug|Any CPU.Build.0 = Debug|Any CPU
		{2574CAEA-3CA8-4FE9-959F-850BA15A071D}.Release|Any CPU.ActiveCfg = Release|Any CPU
		{2574CAEA-3CA8-4FE9-959F-850BA15A071D}.Release|Any CPU.Build.0 = Release|Any CPU
	EndGlobalSection
	GlobalSection(SolutionProperties) = preSolution
		HideSolutionNode = FALSE
	EndGlobalSection
	GlobalSection(NestedProjects) = preSolution
		{B8A11B97-21EE-4542-9616-8BEC46F809F0} = {530CBB8C-5003-499F-85D5-F41EC36BF90C}
		{1D957808-7C14-4E78-8D3D-A5174B8ADC6B} = {530CBB8C-5003-499F-85D5-F41EC36BF90C}
		{5F35C3F1-ED28-4FF3-B557-51AD14EF4A3E} = {530CBB8C-5003-499F-85D5-F41EC36BF90C}
		{18E70100-51CC-4EDD-AD6A-B9F86A60AE46} = {530CBB8C-5003-499F-85D5-F41EC36BF90C}
		{9C5B3F42-858E-44AE-9D5D-DDA9F1354AAA} = {18E70100-51CC-4EDD-AD6A-B9F86A60AE46}
		{8023FFA5-8D3A-4F5D-98EB-D725606D74FD} = {18E70100-51CC-4EDD-AD6A-B9F86A60AE46}
		{DC28DBA5-A5F3-445B-B45A-366370C8CA43} = {1D957808-7C14-4E78-8D3D-A5174B8ADC6B}
		{1902C4CE-B312-4D09-B4E0-806EE2C8EDD4} = {5F35C3F1-ED28-4FF3-B557-51AD14EF4A3E}
		{8B7C64D5-DEA4-43C5-9626-711F91EAF12A} = {18E70100-51CC-4EDD-AD6A-B9F86A60AE46}
		{2574CAEA-3CA8-4FE9-959F-850BA15A071D} = {18E70100-51CC-4EDD-AD6A-B9F86A60AE46}
	EndGlobalSection
	GlobalSection(ExtensibilityGlobals) = postSolution
		SolutionGuid = {A8BCC474-3DCA-498D-A89B-AD17EF8FDE90}
	EndGlobalSection
EndGlobal
